// !$*UTF8*$!
{
	archiveVersion = 1;
	classes = {
	};
	objectVersion = 50;
	objects = {

/* Begin PBXBuildFile section */
		333053752236F1CE002D45C1 /* NewsHeadlineCell.swift in Sources */ = {isa = PBXBuildFile; fileRef = 333053742236F1CE002D45C1 /* NewsHeadlineCell.swift */; };
		336B976A2238416B00A2D2E7 /* Category.swift in Sources */ = {isa = PBXBuildFile; fileRef = 336B97692238416B00A2D2E7 /* Category.swift */; };
		336B976C2238423B00A2D2E7 /* Article.swift in Sources */ = {isa = PBXBuildFile; fileRef = 336B976B2238423B00A2D2E7 /* Article.swift */; };
		336B976E2238449A00A2D2E7 /* CategoryService.swift in Sources */ = {isa = PBXBuildFile; fileRef = 336B976D2238449A00A2D2E7 /* CategoryService.swift */; };
		336B97712238457D00A2D2E7 /* URL+Extensions.swift in Sources */ = {isa = PBXBuildFile; fileRef = 336B97702238457D00A2D2E7 /* URL+Extensions.swift */; };
		33881700223747A30021A8EE /* Constants.swift in Sources */ = {isa = PBXBuildFile; fileRef = 338816FF223747A30021A8EE /* Constants.swift */; };
		3388170322374B090021A8EE /* Webservice.swift in Sources */ = {isa = PBXBuildFile; fileRef = 3388170222374B090021A8EE /* Webservice.swift */; };
		33BFFB482236EA1C00D34705 /* AppDelegate.swift in Sources */ = {isa = PBXBuildFile; fileRef = 33BFFB472236EA1C00D34705 /* AppDelegate.swift */; };
		33BFFB4D2236EA1C00D34705 /* Main.storyboard in Resources */ = {isa = PBXBuildFile; fileRef = 33BFFB4B2236EA1C00D34705 /* Main.storyboard */; };
		33BFFB4F2236EA1E00D34705 /* Assets.xcassets in Resources */ = {isa = PBXBuildFile; fileRef = 33BFFB4E2236EA1E00D34705 /* Assets.xcassets */; };
		33BFFB522236EA1E00D34705 /* LaunchScreen.storyboard in Resources */ = {isa = PBXBuildFile; fileRef = 33BFFB502236EA1E00D34705 /* LaunchScreen.storyboard */; };
		33BFFB5C2236EBA900D34705 /* ThemeManager.swift in Sources */ = {isa = PBXBuildFile; fileRef = 33BFFB5B2236EBA900D34705 /* ThemeManager.swift */; };
		33BFFB5E2236ED8200D34705 /* NewsHeadlinesTVC.swift in Sources */ = {isa = PBXBuildFile; fileRef = 33BFFB5D2236ED8200D34705 /* NewsHeadlinesTVC.swift */; };
/* End PBXBuildFile section */

/* Begin PBXFileReference section */
		333053742236F1CE002D45C1 /* NewsHeadlineCell.swift */ = {isa = PBXFileReference; lastKnownFileType = sourcecode.swift; path = NewsHeadlineCell.swift; sourceTree = "<group>"; };
		336B97692238416B00A2D2E7 /* Category.swift */ = {isa = PBXFileReference; lastKnownFileType = sourcecode.swift; path = Category.swift; sourceTree = "<group>"; };
		336B976B2238423B00A2D2E7 /* Article.swift */ = {isa = PBXFileReference; lastKnownFileType = sourcecode.swift; path = Article.swift; sourceTree = "<group>"; };
		336B976D2238449A00A2D2E7 /* CategoryService.swift */ = {isa = PBXFileReference; lastKnownFileType = sourcecode.swift; path = CategoryService.swift; sourceTree = "<group>"; };
		336B97702238457D00A2D2E7 /* URL+Extensions.swift */ = {isa = PBXFileReference; lastKnownFileType = sourcecode.swift; path = "URL+Extensions.swift"; sourceTree = "<group>"; };
		338816FF223747A30021A8EE /* Constants.swift */ = {isa = PBXFileReference; lastKnownFileType = sourcecode.swift; path = Constants.swift; sourceTree = "<group>"; };
		3388170222374B090021A8EE /* Webservice.swift */ = {isa = PBXFileReference; lastKnownFileType = sourcecode.swift; path = Webservice.swift; sourceTree = "<group>"; };
		33BFFB442236EA1C00D34705 /* News.app */ = {isa = PBXFileReference; explicitFileType = wrapper.application; includeInIndex = 0; path = News.app; sourceTree = BUILT_PRODUCTS_DIR; };
		33BFFB472236EA1C00D34705 /* AppDelegate.swift */ = {isa = PBXFileReference; lastKnownFileType = sourcecode.swift; path = AppDelegate.swift; sourceTree = "<group>"; };
		33BFFB4C2236EA1C00D34705 /* Base */ = {isa = PBXFileReference; lastKnownFileType = file.storyboard; name = Base; path = Base.lproj/Main.storyboard; sourceTree = "<group>"; };
		33BFFB4E2236EA1E00D34705 /* Assets.xcassets */ = {isa = PBXFileReference; lastKnownFileType = folder.assetcatalog; path = Assets.xcassets; sourceTree = "<group>"; };
		33BFFB512236EA1E00D34705 /* Base */ = {isa = PBXFileReference; lastKnownFileType = file.storyboard; name = Base; path = Base.lproj/LaunchScreen.storyboard; sourceTree = "<group>"; };
		33BFFB532236EA1E00D34705 /* Info.plist */ = {isa = PBXFileReference; lastKnownFileType = text.plist.xml; path = Info.plist; sourceTree = "<group>"; };
		33BFFB5B2236EBA900D34705 /* ThemeManager.swift */ = {isa = PBXFileReference; lastKnownFileType = sourcecode.swift; path = ThemeManager.swift; sourceTree = "<group>"; };
		33BFFB5D2236ED8200D34705 /* NewsHeadlinesTVC.swift */ = {isa = PBXFileReference; lastKnownFileType = sourcecode.swift; path = NewsHeadlinesTVC.swift; sourceTree = "<group>"; };
/* End PBXFileReference section */

/* Begin PBXFrameworksBuildPhase section */
		33BFFB412236EA1C00D34705 /* Frameworks */ = {
			isa = PBXFrameworksBuildPhase;
			buildActionMask = 2147483647;
			files = (
			);
			runOnlyForDeploymentPostprocessing = 0;
		};
/* End PBXFrameworksBuildPhase section */

/* Begin PBXGroup section */
		333053732236F1B2002D45C1 /* Cells */ = {
			isa = PBXGroup;
			children = (
				333053742236F1CE002D45C1 /* NewsHeadlineCell.swift */,
			);
			path = Cells;
			sourceTree = "<group>";
		};
		336B97682238415700A2D2E7 /* Models */ = {
			isa = PBXGroup;
			children = (
				336B97692238416B00A2D2E7 /* Category.swift */,
				336B976B2238423B00A2D2E7 /* Article.swift */,
			);
			path = Models;
			sourceTree = "<group>";
		};
		336B976F2238456C00A2D2E7 /* Extensions */ = {
			isa = PBXGroup;
			children = (
				336B97702238457D00A2D2E7 /* URL+Extensions.swift */,
			);
			path = Extensions;
			sourceTree = "<group>";
		};
		33881701223747A60021A8EE /* Services */ = {
			isa = PBXGroup;
			children = (
				3388170222374B090021A8EE /* Webservice.swift */,
				336B976D2238449A00A2D2E7 /* CategoryService.swift */,
				338816FF223747A30021A8EE /* Constants.swift */,
			);
			path = Services;
			sourceTree = "<group>";
		};
		33BFFB3B2236EA1C00D34705 = {
			isa = PBXGroup;
			children = (
				33BFFB462236EA1C00D34705 /* News */,
				33BFFB452236EA1C00D34705 /* Products */,
			);
			sourceTree = "<group>";
		};
		33BFFB452236EA1C00D34705 /* Products */ = {
			isa = PBXGroup;
			children = (
				33BFFB442236EA1C00D34705 /* News.app */,
			);
			name = Products;
			sourceTree = "<group>";
		};
		33BFFB462236EA1C00D34705 /* News */ = {
			isa = PBXGroup;
			children = (
				33BFFB472236EA1C00D34705 /* AppDelegate.swift */,
				336B976F2238456C00A2D2E7 /* Extensions */,
				336B97682238415700A2D2E7 /* Models */,
				33881701223747A60021A8EE /* Services */,
				333053732236F1B2002D45C1 /* Cells */,
				33BFFB5A2236EB8E00D34705 /* Managers */,
				33BFFB592236EA4400D34705 /* Controllers */,
				33BFFB4B2236EA1C00D34705 /* Main.storyboard */,
				33BFFB4E2236EA1E00D34705 /* Assets.xcassets */,
				33BFFB502236EA1E00D34705 /* LaunchScreen.storyboard */,
				33BFFB532236EA1E00D34705 /* Info.plist */,
			);
			path = News;
			sourceTree = "<group>";
		};
		33BFFB592236EA4400D34705 /* Controllers */ = {
			isa = PBXGroup;
			children = (
				33BFFB5D2236ED8200D34705 /* NewsHeadlinesTVC.swift */,
			);
			path = Controllers;
			sourceTree = "<group>";
		};
		33BFFB5A2236EB8E00D34705 /* Managers */ = {
			isa = PBXGroup;
			children = (
				33BFFB5B2236EBA900D34705 /* ThemeManager.swift */,
			);
			path = Managers;
			sourceTree = "<group>";
		};
/* End PBXGroup section */

/* Begin PBXNativeTarget section */
		33BFFB432236EA1C00D34705 /* News */ = {
			isa = PBXNativeTarget;
			buildConfigurationList = 33BFFB562236EA1E00D34705 /* Build configuration list for PBXNativeTarget "News" */;
			buildPhases = (
				33BFFB402236EA1C00D34705 /* Sources */,
				33BFFB412236EA1C00D34705 /* Frameworks */,
				33BFFB422236EA1C00D34705 /* Resources */,
			);
			buildRules = (
			);
			dependencies = (
			);
			name = News;
			productName = News;
			productReference = 33BFFB442236EA1C00D34705 /* News.app */;
			productType = "com.apple.product-type.application";
		};
/* End PBXNativeTarget section */

/* Begin PBXProject section */
		33BFFB3C2236EA1C00D34705 /* Project object */ = {
			isa = PBXProject;
			attributes = {
				LastSwiftUpdateCheck = 1010;
				LastUpgradeCheck = 1010;
				ORGANIZATIONNAME = "Matthew Sutton";
				TargetAttributes = {
					33BFFB432236EA1C00D34705 = {
						CreatedOnToolsVersion = 10.1;
					};
				};
			};
			buildConfigurationList = 33BFFB3F2236EA1C00D34705 /* Build configuration list for PBXProject "News" */;
			compatibilityVersion = "Xcode 9.3";
			developmentRegion = en;
			hasScannedForEncodings = 0;
			knownRegions = (
				en,
				Base,
			);
			mainGroup = 33BFFB3B2236EA1C00D34705;
			productRefGroup = 33BFFB452236EA1C00D34705 /* Products */;
			projectDirPath = "";
			projectRoot = "";
			targets = (
				33BFFB432236EA1C00D34705 /* News */,
			);
		};
/* End PBXProject section */

/* Begin PBXResourcesBuildPhase section */
		33BFFB422236EA1C00D34705 /* Resources */ = {
			isa = PBXResourcesBuildPhase;
			buildActionMask = 2147483647;
			files = (
				33BFFB522236EA1E00D34705 /* LaunchScreen.storyboard in Resources */,
				33BFFB4F2236EA1E00D34705 /* Assets.xcassets in Resources */,
				33BFFB4D2236EA1C00D34705 /* Main.storyboard in Resources */,
			);
			runOnlyForDeploymentPostprocessing = 0;
		};
/* End PBXResourcesBuildPhase section */

/* Begin PBXSourcesBuildPhase section */
		33BFFB402236EA1C00D34705 /* Sources */ = {
			isa = PBXSourcesBuildPhase;
			buildActionMask = 2147483647;
			files = (
				33881700223747A30021A8EE /* Constants.swift in Sources */,
				333053752236F1CE002D45C1 /* NewsHeadlineCell.swift in Sources */,
				3388170322374B090021A8EE /* Webservice.swift in Sources */,
				336B976E2238449A00A2D2E7 /* CategoryService.swift in Sources */,
				33BFFB482236EA1C00D34705 /* AppDelegate.swift in Sources */,
				336B976C2238423B00A2D2E7 /* Article.swift in Sources */,
				33BFFB5C2236EBA900D34705 /* ThemeManager.swift in Sources */,
				336B97712238457D00A2D2E7 /* URL+Extensions.swift in Sources */,
				33BFFB5E2236ED8200D34705 /* NewsHeadlinesTVC.swift in Sources */,
				336B976A2238416B00A2D2E7 /* Category.swift in Sources */,
			);
			runOnlyForDeploymentPostprocessing = 0;
		};
/* End PBXSourcesBuildPhase section */

/* Begin PBXVariantGroup section */
		33BFFB4B2236EA1C00D34705 /* Main.storyboard */ = {
			isa = PBXVariantGroup;
			children = (
				33BFFB4C2236EA1C00D34705 /* Base */,
			);
			name = Main.storyboard;
			sourceTree = "<group>";
		};
		33BFFB502236EA1E00D34705 /* LaunchScreen.storyboard */ = {
			isa = PBXVariantGroup;
			children = (
				33BFFB512236EA1E00D34705 /* Base */,
			);
			name = LaunchScreen.storyboard;
			sourceTree = "<group>";
		};
/* End PBXVariantGroup section */

/* Begin XCBuildConfiguration section */
		33BFFB542236EA1E00D34705 /* Debug */ = {
			isa = XCBuildConfiguration;
			buildSettings = {
				ALWAYS_SEARCH_USER_PATHS = NO;
				CLANG_ANALYZER_NONNULL = YES;
				CLANG_ANALYZER_NUMBER_OBJECT_CONVERSION = YES_AGGRESSIVE;
				CLANG_CXX_LANGUAGE_STANDARD = "gnu++14";
				CLANG_CXX_LIBRARY = "libc++";
				CLANG_ENABLE_MODULES = YES;
				CLANG_ENABLE_OBJC_ARC = YES;
				CLANG_ENABLE_OBJC_WEAK = YES;
				CLANG_WARN_BLOCK_CAPTURE_AUTORELEASING = YES;
				CLANG_WARN_BOOL_CONVERSION = YES;
				CLANG_WARN_COMMA = YES;
				CLANG_WARN_CONSTANT_CONVERSION = YES;
				CLANG_WARN_DEPRECATED_OBJC_IMPLEMENTATIONS = YES;
				CLANG_WARN_DIRECT_OBJC_ISA_USAGE = YES_ERROR;
				CLANG_WARN_DOCUMENTATION_COMMENTS = YES;
				CLANG_WARN_EMPTY_BODY = YES;
				CLANG_WARN_ENUM_CONVERSION = YES;
				CLANG_WARN_INFINITE_RECURSION = YES;
				CLANG_WARN_INT_CONVERSION = YES;
				CLANG_WARN_NON_LITERAL_NULL_CONVERSION = YES;
				CLANG_WARN_OBJC_IMPLICIT_RETAIN_SELF = YES;
				CLANG_WARN_OBJC_LITERAL_CONVERSION = YES;
				CLANG_WARN_OBJC_ROOT_CLASS = YES_ERROR;
				CLANG_WARN_RANGE_LOOP_ANALYSIS = YES;
				CLANG_WARN_STRICT_PROTOTYPES = YES;
				CLANG_WARN_SUSPICIOUS_MOVE = YES;
				CLANG_WARN_UNGUARDED_AVAILABILITY = YES_AGGRESSIVE;
				CLANG_WARN_UNREACHABLE_CODE = YES;
				CLANG_WARN__DUPLICATE_METHOD_MATCH = YES;
				CODE_SIGN_IDENTITY = "iPhone Developer";
				COPY_PHASE_STRIP = NO;
				DEBUG_INFORMATION_FORMAT = dwarf;
				ENABLE_STRICT_OBJC_MSGSEND = YES;
				ENABLE_TESTABILITY = YES;
				GCC_C_LANGUAGE_STANDARD = gnu11;
				GCC_DYNAMIC_NO_PIC = NO;
				GCC_NO_COMMON_BLOCKS = YES;
				GCC_OPTIMIZATION_LEVEL = 0;
				GCC_PREPROCESSOR_DEFINITIONS = (
					"DEBUG=1",
					"$(inherited)",
				);
				GCC_WARN_64_TO_32_BIT_CONVERSION = YES;
				GCC_WARN_ABOUT_RETURN_TYPE = YES_ERROR;
				GCC_WARN_UNDECLARED_SELECTOR = YES;
				GCC_WARN_UNINITIALIZED_AUTOS = YES_AGGRESSIVE;
				GCC_WARN_UNUSED_FUNCTION = YES;
				GCC_WARN_UNUSED_VARIABLE = YES;
				IPHONEOS_DEPLOYMENT_TARGET = 12.1;
				MTL_ENABLE_DEBUG_INFO = INCLUDE_SOURCE;
				MTL_FAST_MATH = YES;
				ONLY_ACTIVE_ARCH = YES;
				SDKROOT = iphoneos;
				SWIFT_ACTIVE_COMPILATION_CONDITIONS = DEBUG;
				SWIFT_OPTIMIZATION_LEVEL = "-Onone";
			};
			name = Debug;
		};
		33BFFB552236EA1E00D34705 /* Release */ = {
			isa = XCBuildConfiguration;
			buildSettings = {
				ALWAYS_SEARCH_USER_PATHS = NO;
				CLANG_ANALYZER_NONNULL = YES;
				CLANG_ANALYZER_NUMBER_OBJECT_CONVERSION = YES_AGGRESSIVE;
				CLANG_CXX_LANGUAGE_STANDARD = "gnu++14";
				CLANG_CXX_LIBRARY = "libc++";
				CLANG_ENABLE_MODULES = YES;
				CLANG_ENABLE_OBJC_ARC = YES;
				CLANG_ENABLE_OBJC_WEAK = YES;
				CLANG_WARN_BLOCK_CAPTURE_AUTORELEASING = YES;
				CLANG_WARN_BOOL_CONVERSION = YES;
				CLANG_WARN_COMMA = YES;
				CLANG_WARN_CONSTANT_CONVERSION = YES;
				CLANG_WARN_DEPRECATED_OBJC_IMPLEMENTATIONS = YES;
				CLANG_WARN_DIRECT_OBJC_ISA_USAGE = YES_ERROR;
				CLANG_WARN_DOCUMENTATION_COMMENTS = YES;
				CLANG_WARN_EMPTY_BODY = YES;
				CLANG_WARN_ENUM_CONVERSION = YES;
				CLANG_WARN_INFINITE_RECURSION = YES;
				CLANG_WARN_INT_CONVERSION = YES;
				CLANG_WARN_NON_LITERAL_NULL_CONVERSION = YES;
				CLANG_WARN_OBJC_IMPLICIT_RETAIN_SELF = YES;
				CLANG_WARN_OBJC_LITERAL_CONVERSION = YES;
				CLANG_WARN_OBJC_ROOT_CLASS = YES_ERROR;
				CLANG_WARN_RANGE_LOOP_ANALYSIS = YES;
				CLANG_WARN_STRICT_PROTOTYPES = YES;
				CLANG_WARN_SUSPICIOUS_MOVE = YES;
				CLANG_WARN_UNGUARDED_AVAILABILITY = YES_AGGRESSIVE;
				CLANG_WARN_UNREACHABLE_CODE = YES;
				CLANG_WARN__DUPLICATE_METHOD_MATCH = YES;
				CODE_SIGN_IDENTITY = "iPhone Developer";
				COPY_PHASE_STRIP = NO;
				DEBUG_INFORMATION_FORMAT = "dwarf-with-dsym";
				ENABLE_NS_ASSERTIONS = NO;
				ENABLE_STRICT_OBJC_MSGSEND = YES;
				GCC_C_LANGUAGE_STANDARD = gnu11;
				GCC_NO_COMMON_BLOCKS = YES;
				GCC_WARN_64_TO_32_BIT_CONVERSION = YES;
				GCC_WARN_ABOUT_RETURN_TYPE = YES_ERROR;
				GCC_WARN_UNDECLARED_SELECTOR = YES;
				GCC_WARN_UNINITIALIZED_AUTOS = YES_AGGRESSIVE;
				GCC_WARN_UNUSED_FUNCTION = YES;
				GCC_WARN_UNUSED_VARIABLE = YES;
				IPHONEOS_DEPLOYMENT_TARGET = 12.1;
				MTL_ENABLE_DEBUG_INFO = NO;
				MTL_FAST_MATH = YES;
				SDKROOT = iphoneos;
				SWIFT_COMPILATION_MODE = wholemodule;
				SWIFT_OPTIMIZATION_LEVEL = "-O";
				VALIDATE_PRODUCT = YES;
			};
			name = Release;
		};
		33BFFB572236EA1E00D34705 /* Debug */ = {
			isa = XCBuildConfiguration;
			buildSettings = {
				ASSETCATALOG_COMPILER_APPICON_NAME = AppIcon;
				CODE_SIGN_STYLE = Automatic;
				DEVELOPMENT_TEAM = C6VD9U94TJ;
				INFOPLIST_FILE = News/Info.plist;
				LD_RUNPATH_SEARCH_PATHS = (
					"$(inherited)",
					"@executable_path/Frameworks",
				);
				PRODUCT_BUNDLE_IDENTIFIER = com.MattSutton.News;
				PRODUCT_NAME = "$(TARGET_NAME)";
				SWIFT_VERSION = 4.2;
				TARGETED_DEVICE_FAMILY = "1,2";
			};
			name = Debug;
		};
		33BFFB582236EA1E00D34705 /* Release */ = {
			isa = XCBuildConfiguration;
			buildSettings = {
				ASSETCATALOG_COMPILER_APPICON_NAME = AppIcon;
				CODE_SIGN_STYLE = Automatic;
				DEVELOPMENT_TEAM = C6VD9U94TJ;
				INFOPLIST_FILE = News/Info.plist;
				LD_RUNPATH_SEARCH_PATHS = (
					"$(inherited)",
					"@executable_path/Frameworks",
				);
				PRODUCT_BUNDLE_IDENTIFIER = com.MattSutton.News;
				PRODUCT_NAME = "$(TARGET_NAME)";
				SWIFT_VERSION = 4.2;
				TARGETED_DEVICE_FAMILY = "1,2";
			};
			name = Release;
		};
/* End XCBuildConfiguration section */

/* Begin XCConfigurationList section */
		33BFFB3F2236EA1C00D34705 /* Build configuration list for PBXProject "News" */ = {
			isa = XCConfigurationList;
			buildConfigurations = (
				33BFFB542236EA1E00D34705 /* Debug */,
				33BFFB552236EA1E00D34705 /* Release */,
			);
			defaultConfigurationIsVisible = 0;
			defaultConfigurationName = Release;
		};
		33BFFB562236EA1E00D34705 /* Build configuration list for PBXNativeTarget "News" */ = {
			isa = XCConfigurationList;
			buildConfigurations = (
				33BFFB572236EA1E00D34705 /* Debug */,
				33BFFB582236EA1E00D34705 /* Release */,
			);
			defaultConfigurationIsVisible = 0;
			defaultConfigurationName = Release;
		};
/* End XCConfigurationList section */
	};
	rootObject = 33BFFB3C2236EA1C00D34705 /* Project object */;
}
